
Microsoft Visual Studio Solution File, Format Version 12.00
# Visual Studio 15
VisualStudioVersion = 15.0.26730.16
MinimumVisualStudioVersion = 10.0.40219.1
Project("{FAE04EC0-301F-11D3-BF4B-00C04F79EFBC}") = "BrianAu_COMP212_Sec002_Lab04_Ex1", "BrianAu_COMP212_Sec002_Lab04_Ex1\BrianAu_COMP212_Sec002_Lab04_Ex1.csproj", "{0D1E307C-9279-44F0-8996-A1CD4768D9FD}"
EndProject
Project("{FAE04EC0-301F-11D3-BF4B-00C04F79EFBC}") = "BrianAu_COMP212_Sec002_Lab04_Ex2", "BrianAu_COMP212_Sec002_Lab04_Ex2\BrianAu_COMP212_Sec002_Lab04_Ex2.csproj", "{9BA58BB3-469B-4085-8F09-DB4C58812966}"
EndProject
Global
	GlobalSection(SolutionConfigurationPlatforms) = preSolution
		Debug|Any CPU = Debug|Any CPU
		Release|Any CPU = Release|Any CPU
	EndGlobalSection
	GlobalSection(ProjectConfigurationPlatforms) = postSolution
		{0D1E307C-9279-44F0-8996-A1CD4768D9FD}.Debug|Any CPU.ActiveCfg = Debug|Any CPU
		{0D1E307C-9279-44F0-8996-A1CD4768D9FD}.Debug|Any CPU.Build.0 = Debug|Any CPU
		{0D1E307C-9279-44F0-8996-A1CD4768D9FD}.Release|Any CPU.ActiveCfg = Release|Any CPU
		{0D1E307C-9279-44F0-8996-A1CD4768D9FD}.Release|Any CPU.Build.0 = Release|Any CPU
		{9BA58BB3-469B-4085-8F09-DB4C58812966}.Debug|Any CPU.ActiveCfg = Debug|Any CPU
		{9BA58BB3-469B-4085-8F09-DB4C58812966}.Debug|Any CPU.Build.0 = Debug|Any CPU
		{9BA58BB3-469B-4085-8F09-DB4C58812966}.Release|Any CPU.ActiveCfg = Release|Any CPU
		{9BA58BB3-469B-4085-8F09-DB4C58812966}.Release|Any CPU.Build.0 = Release|Any CPU
	EndGlobalSection
	GlobalSection(SolutionProperties) = preSolution
		HideSolutionNode = FALSE
	EndGlobalSection
	GlobalSection(ExtensibilityGlobals) = postSolution
		SolutionGuid = {B46BB342-FF1E-44F1-9D69-9979B58BBCD6}
	EndGlobalSection
EndGlobal
